// !$*UTF8*$!
{
	archiveVersion = 1;
	classes = {
	};
	objectVersion = 46;
	objects = {

/* Begin PBXAggregateTarget section */
		41F568211BEBB12A00177E65 /* Tests */ = {
			isa = PBXAggregateTarget;
			buildConfigurationList = 41F568221BEBB12A00177E65 /* Build configuration list for PBXAggregateTarget "Tests" */;
			buildPhases = (
			);
			dependencies = (
				41F568261BEBB13600177E65 /* PBXTargetDependency */,
				41F568281BEBB13600177E65 /* PBXTargetDependency */,
			);
			name = Tests;
			productName = Tests;
		};
/* End PBXAggregateTarget section */

/* Begin PBXBuildFile section */
		41014CC11BE9521400BE18B5 /* _mulle_array.h in Headers */ = {isa = PBXBuildFile; fileRef = 41014CBF1BE9521400BE18B5 /* _mulle_array.h */; settings = {ATTRIBUTES = (Public, ); }; };
		41014CC21BE9521400BE18B5 /* _mulle_array.c in Sources */ = {isa = PBXBuildFile; fileRef = 41014CC01BE9521400BE18B5 /* _mulle_array.c */; };
		4105ABF11BCB089600D45AA8 /* mulle_container_callback.h in Headers */ = {isa = PBXBuildFile; fileRef = 414AC1AA1AC2C45800DCA3CC /* mulle_container_callback.h */; settings = {ATTRIBUTES = (Public, ); }; };
		414945741BEA930000C92587 /* mulle_container.h in Headers */ = {isa = PBXBuildFile; fileRef = 4198C8A81BE7DB6C00EE1FF5 /* mulle_container.h */; settings = {ATTRIBUTES = (Public, ); }; };
		414945751BEA932100C92587 /* mulle_container_operation.h in Headers */ = {isa = PBXBuildFile; fileRef = 417582A71BE8BEE1005F0CE4 /* mulle_container_operation.h */; settings = {ATTRIBUTES = (Public, ); }; };
		414945761BEA935700C92587 /* _mulle_keyvaluepair.h in Headers */ = {isa = PBXBuildFile; fileRef = 41B440AF1BE8EC94004E7B2D /* _mulle_keyvaluepair.h */; settings = {ATTRIBUTES = (Public, ); }; };
		4149458C1BEAAC3800C92587 /* main.c in Sources */ = {isa = PBXBuildFile; fileRef = 4149458B1BEAAC3800C92587 /* main.c */; };
		414945921BEAAC5B00C92587 /* libmulle_container.a in Frameworks */ = {isa = PBXBuildFile; fileRef = 41F14FE61B68F098002189F1 /* libmulle_container.a */; };
		416C57F41BEA5D4A007F4691 /* _mulle_buffer.h in Headers */ = {isa = PBXBuildFile; fileRef = 416C57F21BEA5D4A007F4691 /* _mulle_buffer.h */; settings = {ATTRIBUTES = (Public, ); }; };
		416C57F51BEA5D4A007F4691 /* _mulle_buffer.c in Sources */ = {isa = PBXBuildFile; fileRef = 416C57F31BEA5D4A007F4691 /* _mulle_buffer.c */; };
		416C57F81BEA6B3C007F4691 /* mulle_buffer.c in Sources */ = {isa = PBXBuildFile; fileRef = 416C57F61BEA6B3C007F4691 /* mulle_buffer.c */; };
		416C57F91BEA6B3C007F4691 /* mulle_buffer.h in Headers */ = {isa = PBXBuildFile; fileRef = 416C57F71BEA6B3C007F4691 /* mulle_buffer.h */; settings = {ATTRIBUTES = (Public, ); }; };
		4170B27E1BF0C01B002F7143 /* mulle_container_compiler_attributes.h in Headers */ = {isa = PBXBuildFile; fileRef = 41F5680F1BEB81C200177E65 /* mulle_container_compiler_attributes.h */; settings = {ATTRIBUTES = (Public, ); }; };
		417582A51BE8BE2B005F0CE4 /* mulle_prime.h in Headers */ = {isa = PBXBuildFile; fileRef = 417582A31BE8BE2B005F0CE4 /* mulle_prime.h */; settings = {ATTRIBUTES = (Public, ); }; };
		417582A61BE8BE2B005F0CE4 /* mulle_prime.c in Sources */ = {isa = PBXBuildFile; fileRef = 417582A41BE8BE2B005F0CE4 /* mulle_prime.c */; };
		418F934F1C4426C3008EC017 /* libmulle_test_allocator.a in Frameworks */ = {isa = PBXBuildFile; fileRef = 418F934E1C4426C3008EC017 /* libmulle_test_allocator.a */; };
		418F93501C4426D1008EC017 /* libmulle_test_allocator.a in Frameworks */ = {isa = PBXBuildFile; fileRef = 418F934E1C4426C3008EC017 /* libmulle_test_allocator.a */; };
		418F93521C442755008EC017 /* libmulle_allocator.a in Frameworks */ = {isa = PBXBuildFile; fileRef = 418F93511C442755008EC017 /* libmulle_allocator.a */; };
		418F93541C44277C008EC017 /* libmulle_allocator.a in Frameworks */ = {isa = PBXBuildFile; fileRef = 418F93511C442755008EC017 /* libmulle_allocator.a */; };
		4198C8901BE7AD9500EE1FF5 /* mulle_set.h in Headers */ = {isa = PBXBuildFile; fileRef = 4198C8891BE7AD9500EE1FF5 /* mulle_set.h */; settings = {ATTRIBUTES = (Public, ); }; };
		4198C8911BE7AD9500EE1FF5 /* mulle_set.c in Sources */ = {isa = PBXBuildFile; fileRef = 4198C88A1BE7AD9500EE1FF5 /* mulle_set.c */; };
		4198C8931BE7AD9500EE1FF5 /* _mulle_set.h in Headers */ = {isa = PBXBuildFile; fileRef = 4198C88C1BE7AD9500EE1FF5 /* _mulle_set.h */; settings = {ATTRIBUTES = (Public, ); }; };
		4198C8941BE7AD9500EE1FF5 /* _mulle_set.c in Sources */ = {isa = PBXBuildFile; fileRef = 4198C88D1BE7AD9500EE1FF5 /* _mulle_set.c */; };
		4198C8951BE7AD9500EE1FF5 /* _mulle_indexedbucket.h in Headers */ = {isa = PBXBuildFile; fileRef = 4198C88E1BE7AD9500EE1FF5 /* _mulle_indexedbucket.h */; settings = {ATTRIBUTES = (Public, ); }; };
		4198C8961BE7AD9500EE1FF5 /* _mulle_indexedbucket.c in Sources */ = {isa = PBXBuildFile; fileRef = 4198C88F1BE7AD9500EE1FF5 /* _mulle_indexedbucket.c */; };
		4198C89A1BE7CED300EE1FF5 /* mulle_hash.h in Headers */ = {isa = PBXBuildFile; fileRef = 4198C8981BE7CED300EE1FF5 /* mulle_hash.h */; settings = {ATTRIBUTES = (Public, ); }; };
		4198C89B1BE7CED300EE1FF5 /* mulle_hash.c in Sources */ = {isa = PBXBuildFile; fileRef = 4198C8991BE7CED300EE1FF5 /* mulle_hash.c */; };
		4198C89F1BE7CEFF00EE1FF5 /* city.c in Sources */ = {isa = PBXBuildFile; fileRef = 4198C89C1BE7CEFF00EE1FF5 /* city.c */; };
		4198C8A01BE7CEFF00EE1FF5 /* city.h in Headers */ = {isa = PBXBuildFile; fileRef = 4198C89D1BE7CEFF00EE1FF5 /* city.h */; };
		4198C8A11BE7CEFF00EE1FF5 /* citycrc.h in Headers */ = {isa = PBXBuildFile; fileRef = 4198C89E1BE7CEFF00EE1FF5 /* citycrc.h */; };
		4198C8A31BE7D27400EE1FF5 /* config.h in Headers */ = {isa = PBXBuildFile; fileRef = 4198C8A21BE7D27400EE1FF5 /* config.h */; };
		419E7F541BEA1B660000D1A7 /* mulle_array.c in Sources */ = {isa = PBXBuildFile; fileRef = 419E7F521BEA1B660000D1A7 /* mulle_array.c */; };
		419E7F551BEA1B660000D1A7 /* mulle_array.h in Headers */ = {isa = PBXBuildFile; fileRef = 419E7F531BEA1B660000D1A7 /* mulle_array.h */; settings = {ATTRIBUTES = (Public, ); }; };
		41BCA5081BE8E58300504AAD /* mulle_map.h in Headers */ = {isa = PBXBuildFile; fileRef = 41BCA5001BE8E58300504AAD /* mulle_map.h */; settings = {ATTRIBUTES = (Public, ); }; };
		41BCA5091BE8E58300504AAD /* mulle_map.c in Sources */ = {isa = PBXBuildFile; fileRef = 41BCA5011BE8E58300504AAD /* mulle_map.c */; };
		41BCA50A1BE8E58300504AAD /* _mulle_indexedkeyvaluebucket.h in Headers */ = {isa = PBXBuildFile; fileRef = 41BCA5021BE8E58300504AAD /* _mulle_indexedkeyvaluebucket.h */; settings = {ATTRIBUTES = (Public, ); }; };
		41BCA50B1BE8E58300504AAD /* _mulle_indexedkeyvaluebucket.c in Sources */ = {isa = PBXBuildFile; fileRef = 41BCA5031BE8E58300504AAD /* _mulle_indexedkeyvaluebucket.c */; };
		41BCA50D1BE8E58300504AAD /* _mulle_map.h in Headers */ = {isa = PBXBuildFile; fileRef = 41BCA5051BE8E58300504AAD /* _mulle_map.h */; settings = {ATTRIBUTES = (Public, ); }; };
		41BCA50E1BE8E58300504AAD /* _mulle_map.c in Sources */ = {isa = PBXBuildFile; fileRef = 41BCA5061BE8E58300504AAD /* _mulle_map.c */; };
		41F14FEB1B68F0AE002189F1 /* mulle_container_callback.c in Sources */ = {isa = PBXBuildFile; fileRef = 414AC1AB1AC2C45800DCA3CC /* mulle_container_callback.c */; };
		41F568171BEBAB5500177E65 /* main.c in Sources */ = {isa = PBXBuildFile; fileRef = 41F568161BEBAB5500177E65 /* main.c */; };
		41F5681F1BEBAB7A00177E65 /* libmulle_container.a in Frameworks */ = {isa = PBXBuildFile; fileRef = 41F14FE61B68F098002189F1 /* libmulle_container.a */; };
/* End PBXBuildFile section */

/* Begin PBXContainerItemProxy section */
		414945901BEAAC5800C92587 /* PBXContainerItemProxy */ = {
			isa = PBXContainerItemProxy;
			containerPortal = 414785241ABAF290002DBAE4 /* Project object */;
			proxyType = 1;
			remoteGlobalIDString = 41F14FE51B68F098002189F1;
			remoteInfo = mulle_container;
		};
		41F5681B1BEBAB7400177E65 /* PBXContainerItemProxy */ = {
			isa = PBXContainerItemProxy;
			containerPortal = 414785241ABAF290002DBAE4 /* Project object */;
			proxyType = 1;
			remoteGlobalIDString = 41F14FE51B68F098002189F1;
			remoteInfo = mulle_container;
		};
		41F568251BEBB13600177E65 /* PBXContainerItemProxy */ = {
			isa = PBXContainerItemProxy;
			containerPortal = 414785241ABAF290002DBAE4 /* Project object */;
			proxyType = 1;
			remoteGlobalIDString = 414945881BEAAC3800C92587;
			remoteInfo = "test-array";
		};
		41F568271BEBB13600177E65 /* PBXContainerItemProxy */ = {
			isa = PBXContainerItemProxy;
			containerPortal = 414785241ABAF290002DBAE4 /* Project object */;
			proxyType = 1;
			remoteGlobalIDString = 41F568131BEBAB5500177E65;
			remoteInfo = "test-map";
		};
/* End PBXContainerItemProxy section */

/* Begin PBXFileReference section */
		41014CBF1BE9521400BE18B5 /* _mulle_array.h */ = {isa = PBXFileReference; fileEncoding = 4; lastKnownFileType = sourcecode.c.h; path = _mulle_array.h; sourceTree = "<group>"; };
		41014CC01BE9521400BE18B5 /* _mulle_array.c */ = {isa = PBXFileReference; fileEncoding = 4; lastKnownFileType = sourcecode.c.c; path = _mulle_array.c; sourceTree = "<group>"; };
		410E85191BDE954000FF7BF2 /* _Common.xcconfig */ = {isa = PBXFileReference; fileEncoding = 4; lastKnownFileType = text.xcconfig; path = _Common.xcconfig; sourceTree = "<group>"; };
		411A28C11BCD446E00D39FF7 /* CMakeLists.txt */ = {isa = PBXFileReference; fileEncoding = 4; lastKnownFileType = text; path = CMakeLists.txt; sourceTree = "<group>"; };
		414945891BEAAC3800C92587 /* test-array */ = {isa = PBXFileReference; explicitFileType = "compiled.mach-o.executable"; includeInIndex = 0; path = "test-array"; sourceTree = BUILT_PRODUCTS_DIR; };
		4149458B1BEAAC3800C92587 /* main.c */ = {isa = PBXFileReference; lastKnownFileType = sourcecode.c.c; path = main.c; sourceTree = "<group>"; };
		414AC1AA1AC2C45800DCA3CC /* mulle_container_callback.h */ = {isa = PBXFileReference; fileEncoding = 4; lastKnownFileType = sourcecode.c.h; path = mulle_container_callback.h; sourceTree = "<group>"; };
		414AC1AB1AC2C45800DCA3CC /* mulle_container_callback.c */ = {isa = PBXFileReference; fileEncoding = 4; lastKnownFileType = sourcecode.c.c; path = mulle_container_callback.c; sourceTree = "<group>"; };
		416C57EF1BEA545B007F4691 /* VERBS.md */ = {isa = PBXFileReference; fileEncoding = 4; lastKnownFileType = net.daringfireball.markdown; name = VERBS.md; path = dox/VERBS.md; sourceTree = "<group>"; };
		416C57F21BEA5D4A007F4691 /* _mulle_buffer.h */ = {isa = PBXFileReference; fileEncoding = 4; lastKnownFileType = sourcecode.c.h; path = _mulle_buffer.h; sourceTree = "<group>"; };
		416C57F31BEA5D4A007F4691 /* _mulle_buffer.c */ = {isa = PBXFileReference; fileEncoding = 4; lastKnownFileType = sourcecode.c.c; path = _mulle_buffer.c; sourceTree = "<group>"; };
		416C57F61BEA6B3C007F4691 /* mulle_buffer.c */ = {isa = PBXFileReference; fileEncoding = 4; lastKnownFileType = sourcecode.c.c; path = mulle_buffer.c; sourceTree = "<group>"; };
		416C57F71BEA6B3C007F4691 /* mulle_buffer.h */ = {isa = PBXFileReference; fileEncoding = 4; lastKnownFileType = sourcecode.c.h; path = mulle_buffer.h; sourceTree = "<group>"; };
		417582A31BE8BE2B005F0CE4 /* mulle_prime.h */ = {isa = PBXFileReference; fileEncoding = 4; lastKnownFileType = sourcecode.c.h; path = mulle_prime.h; sourceTree = "<group>"; };
		417582A41BE8BE2B005F0CE4 /* mulle_prime.c */ = {isa = PBXFileReference; fileEncoding = 4; lastKnownFileType = sourcecode.c.c; path = mulle_prime.c; sourceTree = "<group>"; };
		417582A71BE8BEE1005F0CE4 /* mulle_container_operation.h */ = {isa = PBXFileReference; lastKnownFileType = sourcecode.c.h; path = mulle_container_operation.h; sourceTree = "<group>"; };
		417C02641BD8404E005A3751 /* Common.xcconfig */ = {isa = PBXFileReference; fileEncoding = 4; lastKnownFileType = text.xcconfig; path = Common.xcconfig; sourceTree = "<group>"; };
		417C02651BD8404E005A3751 /* Debug.xcconfig */ = {isa = PBXFileReference; fileEncoding = 4; lastKnownFileType = text.xcconfig; path = Debug.xcconfig; sourceTree = "<group>"; };
		417C02661BD8404E005A3751 /* IOS.xcconfig */ = {isa = PBXFileReference; fileEncoding = 4; lastKnownFileType = text.xcconfig; path = IOS.xcconfig; sourceTree = "<group>"; };
		417C02671BD8404E005A3751 /* OSX.xcconfig */ = {isa = PBXFileReference; fileEncoding = 4; lastKnownFileType = text.xcconfig; path = OSX.xcconfig; sourceTree = "<group>"; };
		417C02681BD8404E005A3751 /* Release.xcconfig */ = {isa = PBXFileReference; fileEncoding = 4; lastKnownFileType = text.xcconfig; path = Release.xcconfig; sourceTree = "<group>"; };
		417C02691BD8404E005A3751 /* StaticLibrary.xcconfig */ = {isa = PBXFileReference; fileEncoding = 4; lastKnownFileType = text.xcconfig; path = StaticLibrary.xcconfig; sourceTree = "<group>"; };
		417C026A1BD8404E005A3751 /* StaticLibraryIOS.xcconfig */ = {isa = PBXFileReference; fileEncoding = 4; lastKnownFileType = text.xcconfig; path = StaticLibraryIOS.xcconfig; sourceTree = "<group>"; };
		417C026B1BD8404E005A3751 /* StaticLibraryOSX.xcconfig */ = {isa = PBXFileReference; fileEncoding = 4; lastKnownFileType = text.xcconfig; path = StaticLibraryOSX.xcconfig; sourceTree = "<group>"; };
		417C026C1BD8404E005A3751 /* ToolOSX.xcconfig */ = {isa = PBXFileReference; fileEncoding = 4; lastKnownFileType = text.xcconfig; path = ToolOSX.xcconfig; sourceTree = "<group>"; };
		418F934E1C4426C3008EC017 /* libmulle_test_allocator.a */ = {isa = PBXFileReference; lastKnownFileType = archive.ar; name = libmulle_test_allocator.a; path = ../dependencies/lib/Debug/libmulle_test_allocator.a; sourceTree = "<group>"; };
		418F93511C442755008EC017 /* libmulle_allocator.a */ = {isa = PBXFileReference; lastKnownFileType = archive.ar; name = libmulle_allocator.a; path = ../dependencies/lib/Debug/libmulle_allocator.a; sourceTree = "<group>"; };
		4198C8891BE7AD9500EE1FF5 /* mulle_set.h */ = {isa = PBXFileReference; fileEncoding = 4; lastKnownFileType = sourcecode.c.h; path = mulle_set.h; sourceTree = "<group>"; };
		4198C88A1BE7AD9500EE1FF5 /* mulle_set.c */ = {isa = PBXFileReference; fileEncoding = 4; lastKnownFileType = sourcecode.c.c; path = mulle_set.c; sourceTree = "<group>"; };
		4198C88C1BE7AD9500EE1FF5 /* _mulle_set.h */ = {isa = PBXFileReference; fileEncoding = 4; lastKnownFileType = sourcecode.c.h; path = _mulle_set.h; sourceTree = "<group>"; };
		4198C88D1BE7AD9500EE1FF5 /* _mulle_set.c */ = {isa = PBXFileReference; fileEncoding = 4; lastKnownFileType = sourcecode.c.c; path = _mulle_set.c; sourceTree = "<group>"; };
		4198C88E1BE7AD9500EE1FF5 /* _mulle_indexedbucket.h */ = {isa = PBXFileReference; fileEncoding = 4; lastKnownFileType = sourcecode.c.h; path = _mulle_indexedbucket.h; sourceTree = "<group>"; };
		4198C88F1BE7AD9500EE1FF5 /* _mulle_indexedbucket.c */ = {isa = PBXFileReference; fileEncoding = 4; lastKnownFileType = sourcecode.c.c; path = _mulle_indexedbucket.c; sourceTree = "<group>"; };
		4198C8981BE7CED300EE1FF5 /* mulle_hash.h */ = {isa = PBXFileReference; fileEncoding = 4; lastKnownFileType = sourcecode.c.h; path = mulle_hash.h; sourceTree = "<group>"; };
		4198C8991BE7CED300EE1FF5 /* mulle_hash.c */ = {isa = PBXFileReference; fileEncoding = 4; lastKnownFileType = sourcecode.c.c; path = mulle_hash.c; sourceTree = "<group>"; };
		4198C89C1BE7CEFF00EE1FF5 /* city.c */ = {isa = PBXFileReference; fileEncoding = 4; lastKnownFileType = sourcecode.c.c; name = city.c; path = cityhash/src/city.c; sourceTree = SOURCE_ROOT; };
		4198C89D1BE7CEFF00EE1FF5 /* city.h */ = {isa = PBXFileReference; fileEncoding = 4; lastKnownFileType = sourcecode.c.h; name = city.h; path = cityhash/src/city.h; sourceTree = SOURCE_ROOT; };
		4198C89E1BE7CEFF00EE1FF5 /* citycrc.h */ = {isa = PBXFileReference; fileEncoding = 4; lastKnownFileType = sourcecode.c.h; name = citycrc.h; path = cityhash/src/citycrc.h; sourceTree = SOURCE_ROOT; };
		4198C8A21BE7D27400EE1FF5 /* config.h */ = {isa = PBXFileReference; fileEncoding = 4; lastKnownFileType = sourcecode.c.h; name = config.h; path = cityhash/config.h; sourceTree = SOURCE_ROOT; };
		4198C8A81BE7DB6C00EE1FF5 /* mulle_container.h */ = {isa = PBXFileReference; lastKnownFileType = sourcecode.c.h; path = mulle_container.h; sourceTree = "<group>"; };
		419E7F521BEA1B660000D1A7 /* mulle_array.c */ = {isa = PBXFileReference; fileEncoding = 4; lastKnownFileType = sourcecode.c.c; path = mulle_array.c; sourceTree = "<group>"; };
		419E7F531BEA1B660000D1A7 /* mulle_array.h */ = {isa = PBXFileReference; fileEncoding = 4; lastKnownFileType = sourcecode.c.h; path = mulle_array.h; sourceTree = "<group>"; };
		41B440AF1BE8EC94004E7B2D /* _mulle_keyvaluepair.h */ = {isa = PBXFileReference; lastKnownFileType = sourcecode.c.h; path = _mulle_keyvaluepair.h; sourceTree = "<group>"; };
		41BCA5001BE8E58300504AAD /* mulle_map.h */ = {isa = PBXFileReference; fileEncoding = 4; lastKnownFileType = sourcecode.c.h; path = mulle_map.h; sourceTree = "<group>"; };
		41BCA5011BE8E58300504AAD /* mulle_map.c */ = {isa = PBXFileReference; fileEncoding = 4; lastKnownFileType = sourcecode.c.c; path = mulle_map.c; sourceTree = "<group>"; };
		41BCA5021BE8E58300504AAD /* _mulle_indexedkeyvaluebucket.h */ = {isa = PBXFileReference; fileEncoding = 4; lastKnownFileType = sourcecode.c.h; path = _mulle_indexedkeyvaluebucket.h; sourceTree = "<group>"; };
		41BCA5031BE8E58300504AAD /* _mulle_indexedkeyvaluebucket.c */ = {isa = PBXFileReference; fileEncoding = 4; lastKnownFileType = sourcecode.c.c; path = _mulle_indexedkeyvaluebucket.c; sourceTree = "<group>"; };
		41BCA5051BE8E58300504AAD /* _mulle_map.h */ = {isa = PBXFileReference; fileEncoding = 4; lastKnownFileType = sourcecode.c.h; path = _mulle_map.h; sourceTree = "<group>"; };
		41BCA5061BE8E58300504AAD /* _mulle_map.c */ = {isa = PBXFileReference; fileEncoding = 4; lastKnownFileType = sourcecode.c.c; path = _mulle_map.c; sourceTree = "<group>"; };
		41D04AB81C8DDCF500CC8F11 /* README.md */ = {isa = PBXFileReference; lastKnownFileType = net.daringfireball.markdown; path = README.md; sourceTree = "<group>"; };
		41D04AB91C8DDD1800CC8F11 /* RELEASENOTES.md */ = {isa = PBXFileReference; lastKnownFileType = net.daringfireball.markdown; path = RELEASENOTES.md; sourceTree = "<group>"; };
		41F14FE61B68F098002189F1 /* libmulle_container.a */ = {isa = PBXFileReference; explicitFileType = archive.ar; includeInIndex = 0; path = libmulle_container.a; sourceTree = BUILT_PRODUCTS_DIR; };
		41F5680F1BEB81C200177E65 /* mulle_container_compiler_attributes.h */ = {isa = PBXFileReference; lastKnownFileType = sourcecode.c.h; path = mulle_container_compiler_attributes.h; sourceTree = "<group>"; };
		41F568141BEBAB5500177E65 /* test-map */ = {isa = PBXFileReference; explicitFileType = "compiled.mach-o.executable"; includeInIndex = 0; path = "test-map"; sourceTree = BUILT_PRODUCTS_DIR; };
		41F568161BEBAB5500177E65 /* main.c */ = {isa = PBXFileReference; lastKnownFileType = sourcecode.c.c; path = main.c; sourceTree = "<group>"; };
/* End PBXFileReference section */

/* Begin PBXFrameworksBuildPhase section */
		414945861BEAAC3800C92587 /* Frameworks */ = {
			isa = PBXFrameworksBuildPhase;
			buildActionMask = 2147483647;
			files = (
				414945921BEAAC5B00C92587 /* libmulle_container.a in Frameworks */,
				418F93541C44277C008EC017 /* libmulle_allocator.a in Frameworks */,
				418F93501C4426D1008EC017 /* libmulle_test_allocator.a in Frameworks */,
			);
			runOnlyForDeploymentPostprocessing = 0;
		};
		41F14FE31B68F098002189F1 /* Frameworks */ = {
			isa = PBXFrameworksBuildPhase;
			buildActionMask = 2147483647;
			files = (
			);
			runOnlyForDeploymentPostprocessing = 0;
		};
		41F568111BEBAB5500177E65 /* Frameworks */ = {
			isa = PBXFrameworksBuildPhase;
			buildActionMask = 2147483647;
			files = (
				41F5681F1BEBAB7A00177E65 /* libmulle_container.a in Frameworks */,
				418F93521C442755008EC017 /* libmulle_allocator.a in Frameworks */,
				418F934F1C4426C3008EC017 /* libmulle_test_allocator.a in Frameworks */,
			);
			runOnlyForDeploymentPostprocessing = 0;
		};
/* End PBXFrameworksBuildPhase section */

/* Begin PBXGroup section */
		414785231ABAF290002DBAE4 = {
			isa = PBXGroup;
			children = (
				41D04AB81C8DDCF500CC8F11 /* README.md */,
				41D04AB91C8DDD1800CC8F11 /* RELEASENOTES.md */,
				416C57EF1BEA545B007F4691 /* VERBS.md */,
				411A28C11BCD446E00D39FF7 /* CMakeLists.txt */,
				417C02631BD8404E005A3751 /* mulle-configuration */,
				4147852E1ABAF290002DBAE4 /* src */,
				4149458A1BEAAC3800C92587 /* test-array */,
				41F568151BEBAB5500177E65 /* test-map */,
				4147852D1ABAF290002DBAE4 /* Products */,
			);
			sourceTree = "<group>";
		};
		4147852D1ABAF290002DBAE4 /* Products */ = {
			isa = PBXGroup;
			children = (
				41F14FE61B68F098002189F1 /* libmulle_container.a */,
				414945891BEAAC3800C92587 /* test-array */,
				41F568141BEBAB5500177E65 /* test-map */,
			);
			name = Products;
			sourceTree = "<group>";
		};
		4147852E1ABAF290002DBAE4 /* src */ = {
			isa = PBXGroup;
			children = (
				4198C8A81BE7DB6C00EE1FF5 /* mulle_container.h */,
				41F5680F1BEB81C200177E65 /* mulle_container_compiler_attributes.h */,
				41BCA4FE1BE8DBF900504AAD /* array */,
				416C57F11BEA5D28007F4691 /* buffer */,
				4198C8971BE7CEAC00EE1FF5 /* hash */,
				4198C8881BE7AD5600EE1FF5 /* set */,
				41BCA4FF1BE8E51800504AAD /* map */,
				417582A71BE8BEE1005F0CE4 /* mulle_container_operation.h */,
				414AC1AA1AC2C45800DCA3CC /* mulle_container_callback.h */,
				414AC1AB1AC2C45800DCA3CC /* mulle_container_callback.c */,
			);
			path = src;
			sourceTree = "<group>";
		};
		4149458A1BEAAC3800C92587 /* test-array */ = {
			isa = PBXGroup;
			children = (
				4149458B1BEAAC3800C92587 /* main.c */,
			);
			path = "test-array";
			sourceTree = "<group>";
		};
		416C57F11BEA5D28007F4691 /* buffer */ = {
			isa = PBXGroup;
			children = (
				416C57F71BEA6B3C007F4691 /* mulle_buffer.h */,
				416C57F61BEA6B3C007F4691 /* mulle_buffer.c */,
				416C57F21BEA5D4A007F4691 /* _mulle_buffer.h */,
				416C57F31BEA5D4A007F4691 /* _mulle_buffer.c */,
			);
			path = buffer;
			sourceTree = "<group>";
		};
		417C02631BD8404E005A3751 /* mulle-configuration */ = {
			isa = PBXGroup;
			children = (
				410E85191BDE954000FF7BF2 /* _Common.xcconfig */,
				417C02641BD8404E005A3751 /* Common.xcconfig */,
				417C02651BD8404E005A3751 /* Debug.xcconfig */,
				417C02661BD8404E005A3751 /* IOS.xcconfig */,
				417C02671BD8404E005A3751 /* OSX.xcconfig */,
				417C02681BD8404E005A3751 /* Release.xcconfig */,
				417C02691BD8404E005A3751 /* StaticLibrary.xcconfig */,
				417C026A1BD8404E005A3751 /* StaticLibraryIOS.xcconfig */,
				417C026B1BD8404E005A3751 /* StaticLibraryOSX.xcconfig */,
				417C026C1BD8404E005A3751 /* ToolOSX.xcconfig */,
			);
			path = "mulle-configuration";
			sourceTree = "<group>";
		};
		4198C8881BE7AD5600EE1FF5 /* set */ = {
			isa = PBXGroup;
			children = (
				4198C8891BE7AD9500EE1FF5 /* mulle_set.h */,
				4198C88A1BE7AD9500EE1FF5 /* mulle_set.c */,
				4198C88C1BE7AD9500EE1FF5 /* _mulle_set.h */,
				4198C88D1BE7AD9500EE1FF5 /* _mulle_set.c */,
				4198C88E1BE7AD9500EE1FF5 /* _mulle_indexedbucket.h */,
				4198C88F1BE7AD9500EE1FF5 /* _mulle_indexedbucket.c */,
			);
			path = set;
			sourceTree = "<group>";
		};
		4198C8971BE7CEAC00EE1FF5 /* hash */ = {
			isa = PBXGroup;
			children = (
				4198C89D1BE7CEFF00EE1FF5 /* city.h */,
				4198C8A21BE7D27400EE1FF5 /* config.h */,
				4198C89C1BE7CEFF00EE1FF5 /* city.c */,
				4198C89E1BE7CEFF00EE1FF5 /* citycrc.h */,
				4198C8981BE7CED300EE1FF5 /* mulle_hash.h */,
				4198C8991BE7CED300EE1FF5 /* mulle_hash.c */,
				417582A31BE8BE2B005F0CE4 /* mulle_prime.h */,
				417582A41BE8BE2B005F0CE4 /* mulle_prime.c */,
			);
			path = hash;
			sourceTree = "<group>";
		};
		41BCA4FE1BE8DBF900504AAD /* array */ = {
			isa = PBXGroup;
			children = (
				419E7F531BEA1B660000D1A7 /* mulle_array.h */,
				419E7F521BEA1B660000D1A7 /* mulle_array.c */,
				41014CBF1BE9521400BE18B5 /* _mulle_array.h */,
				41014CC01BE9521400BE18B5 /* _mulle_array.c */,
			);
			path = array;
			sourceTree = "<group>";
		};
		41BCA4FF1BE8E51800504AAD /* map */ = {
			isa = PBXGroup;
			children = (
				41BCA5001BE8E58300504AAD /* mulle_map.h */,
				41BCA5011BE8E58300504AAD /* mulle_map.c */,
				41BCA5021BE8E58300504AAD /* _mulle_indexedkeyvaluebucket.h */,
				41BCA5031BE8E58300504AAD /* _mulle_indexedkeyvaluebucket.c */,
				41B440AF1BE8EC94004E7B2D /* _mulle_keyvaluepair.h */,
				41BCA5051BE8E58300504AAD /* _mulle_map.h */,
				41BCA5061BE8E58300504AAD /* _mulle_map.c */,
			);
			path = map;
			sourceTree = "<group>";
		};
		41F568151BEBAB5500177E65 /* test-map */ = {
			isa = PBXGroup;
			children = (
				41F568161BEBAB5500177E65 /* main.c */,
				418F93511C442755008EC017 /* libmulle_allocator.a */,
				418F934E1C4426C3008EC017 /* libmulle_test_allocator.a */,
			);
			path = "test-map";
			sourceTree = "<group>";
		};
/* End PBXGroup section */

/* Begin PBXHeadersBuildPhase section */
		4105ABF01BCB088A00D45AA8 /* Headers */ = {
			isa = PBXHeadersBuildPhase;
			buildActionMask = 2147483647;
			files = (
				414945741BEA930000C92587 /* mulle_container.h in Headers */,
				4105ABF11BCB089600D45AA8 /* mulle_container_callback.h in Headers */,
				414945751BEA932100C92587 /* mulle_container_operation.h in Headers */,
				4170B27E1BF0C01B002F7143 /* mulle_container_compiler_attributes.h in Headers */,
				419E7F551BEA1B660000D1A7 /* mulle_array.h in Headers */,
				41014CC11BE9521400BE18B5 /* _mulle_array.h in Headers */,
				416C57F91BEA6B3C007F4691 /* mulle_buffer.h in Headers */,
				416C57F41BEA5D4A007F4691 /* _mulle_buffer.h in Headers */,
				4198C89A1BE7CED300EE1FF5 /* mulle_hash.h in Headers */,
				417582A51BE8BE2B005F0CE4 /* mulle_prime.h in Headers */,
				4198C8901BE7AD9500EE1FF5 /* mulle_set.h in Headers */,
				4198C8931BE7AD9500EE1FF5 /* _mulle_set.h in Headers */,
				4198C8951BE7AD9500EE1FF5 /* _mulle_indexedbucket.h in Headers */,
				41BCA5081BE8E58300504AAD /* mulle_map.h in Headers */,
				41BCA50D1BE8E58300504AAD /* _mulle_map.h in Headers */,
				41BCA50A1BE8E58300504AAD /* _mulle_indexedkeyvaluebucket.h in Headers */,
				414945761BEA935700C92587 /* _mulle_keyvaluepair.h in Headers */,
				4198C8A01BE7CEFF00EE1FF5 /* city.h in Headers */,
				4198C8A11BE7CEFF00EE1FF5 /* citycrc.h in Headers */,
				4198C8A31BE7D27400EE1FF5 /* config.h in Headers */,
			);
			runOnlyForDeploymentPostprocessing = 0;
		};
/* End PBXHeadersBuildPhase section */

/* Begin PBXNativeTarget section */
		414945881BEAAC3800C92587 /* test-array */ = {
			isa = PBXNativeTarget;
			buildConfigurationList = 4149458D1BEAAC3800C92587 /* Build configuration list for PBXNativeTarget "test-array" */;
			buildPhases = (
				414945851BEAAC3800C92587 /* Sources */,
				414945861BEAAC3800C92587 /* Frameworks */,
			);
			buildRules = (
			);
			dependencies = (
				414945911BEAAC5800C92587 /* PBXTargetDependency */,
			);
			name = "test-array";
			productName = "test-array";
			productReference = 414945891BEAAC3800C92587 /* test-array */;
			productType = "com.apple.product-type.tool";
		};
		41F14FE51B68F098002189F1 /* mulle_container */ = {
			isa = PBXNativeTarget;
			buildConfigurationList = 41F14FE71B68F098002189F1 /* Build configuration list for PBXNativeTarget "mulle_container" */;
			buildPhases = (
				41F14FE21B68F098002189F1 /* Sources */,
				4105ABF01BCB088A00D45AA8 /* Headers */,
				41F14FE31B68F098002189F1 /* Frameworks */,
			);
			buildRules = (
			);
			dependencies = (
			);
			name = mulle_container;
			productName = mulle_aba;
			productReference = 41F14FE61B68F098002189F1 /* libmulle_container.a */;
			productType = "com.apple.product-type.library.static";
		};
		41F568131BEBAB5500177E65 /* test-map */ = {
			isa = PBXNativeTarget;
			buildConfigurationList = 41F568181BEBAB5500177E65 /* Build configuration list for PBXNativeTarget "test-map" */;
			buildPhases = (
				41F568101BEBAB5500177E65 /* Sources */,
				41F568111BEBAB5500177E65 /* Frameworks */,
			);
			buildRules = (
			);
			dependencies = (
				41F5681C1BEBAB7400177E65 /* PBXTargetDependency */,
			);
			name = "test-map";
			productName = "test-map";
			productReference = 41F568141BEBAB5500177E65 /* test-map */;
			productType = "com.apple.product-type.tool";
		};
/* End PBXNativeTarget section */

/* Begin PBXProject section */
		414785241ABAF290002DBAE4 /* Project object */ = {
			isa = PBXProject;
			attributes = {
				LastUpgradeCheck = 0640;
				ORGANIZATIONNAME = "Mulle kybernetiK";
				TargetAttributes = {
					414945881BEAAC3800C92587 = {
						CreatedOnToolsVersion = 7.1;
					};
					41F14FE51B68F098002189F1 = {
						CreatedOnToolsVersion = 6.2;
					};
					41F568131BEBAB5500177E65 = {
						CreatedOnToolsVersion = 7.1;
					};
					41F568211BEBB12A00177E65 = {
						CreatedOnToolsVersion = 7.1;
					};
				};
			};
			buildConfigurationList = 414785271ABAF290002DBAE4 /* Build configuration list for PBXProject "mulle-container" */;
			compatibilityVersion = "Xcode 3.2";
			developmentRegion = English;
			hasScannedForEncodings = 0;
			knownRegions = (
				en,
				Base,
			);
			mainGroup = 414785231ABAF290002DBAE4;
			productRefGroup = 4147852D1ABAF290002DBAE4 /* Products */;
			projectDirPath = "";
			projectRoot = "";
			targets = (
				41F14FE51B68F098002189F1 /* mulle_container */,
				41F568211BEBB12A00177E65 /* Tests */,
				414945881BEAAC3800C92587 /* test-array */,
				41F568131BEBAB5500177E65 /* test-map */,
			);
		};
/* End PBXProject section */

/* Begin PBXSourcesBuildPhase section */
		414945851BEAAC3800C92587 /* Sources */ = {
			isa = PBXSourcesBuildPhase;
			buildActionMask = 2147483647;
			files = (
				4149458C1BEAAC3800C92587 /* main.c in Sources */,
			);
			runOnlyForDeploymentPostprocessing = 0;
		};
		41F14FE21B68F098002189F1 /* Sources */ = {
			isa = PBXSourcesBuildPhase;
			buildActionMask = 2147483647;
			files = (
				41F14FEB1B68F0AE002189F1 /* mulle_container_callback.c in Sources */,
				4198C89B1BE7CED300EE1FF5 /* mulle_hash.c in Sources */,
				417582A61BE8BE2B005F0CE4 /* mulle_prime.c in Sources */,
				4198C89F1BE7CEFF00EE1FF5 /* city.c in Sources */,
				41014CC21BE9521400BE18B5 /* _mulle_array.c in Sources */,
				419E7F541BEA1B660000D1A7 /* mulle_array.c in Sources */,
				416C57F51BEA5D4A007F4691 /* _mulle_buffer.c in Sources */,
				416C57F81BEA6B3C007F4691 /* mulle_buffer.c in Sources */,
				4198C8911BE7AD9500EE1FF5 /* mulle_set.c in Sources */,
				4198C8961BE7AD9500EE1FF5 /* _mulle_indexedbucket.c in Sources */,
				4198C8941BE7AD9500EE1FF5 /* _mulle_set.c in Sources */,
				41BCA5091BE8E58300504AAD /* mulle_map.c in Sources */,
				41BCA50B1BE8E58300504AAD /* _mulle_indexedkeyvaluebucket.c in Sources */,
				41BCA50E1BE8E58300504AAD /* _mulle_map.c in Sources */,
			);
			runOnlyForDeploymentPostprocessing = 0;
		};
		41F568101BEBAB5500177E65 /* Sources */ = {
			isa = PBXSourcesBuildPhase;
			buildActionMask = 2147483647;
			files = (
				41F568171BEBAB5500177E65 /* main.c in Sources */,
			);
			runOnlyForDeploymentPostprocessing = 0;
		};
/* End PBXSourcesBuildPhase section */

/* Begin PBXTargetDependency section */
		414945911BEAAC5800C92587 /* PBXTargetDependency */ = {
			isa = PBXTargetDependency;
			target = 41F14FE51B68F098002189F1 /* mulle_container */;
			targetProxy = 414945901BEAAC5800C92587 /* PBXContainerItemProxy */;
		};
		41F5681C1BEBAB7400177E65 /* PBXTargetDependency */ = {
			isa = PBXTargetDependency;
			target = 41F14FE51B68F098002189F1 /* mulle_container */;
			targetProxy = 41F5681B1BEBAB7400177E65 /* PBXContainerItemProxy */;
		};
		41F568261BEBB13600177E65 /* PBXTargetDependency */ = {
			isa = PBXTargetDependency;
			target = 414945881BEAAC3800C92587 /* test-array */;
			targetProxy = 41F568251BEBB13600177E65 /* PBXContainerItemProxy */;
		};
		41F568281BEBB13600177E65 /* PBXTargetDependency */ = {
			isa = PBXTargetDependency;
			target = 41F568131BEBAB5500177E65 /* test-map */;
			targetProxy = 41F568271BEBB13600177E65 /* PBXContainerItemProxy */;
		};
/* End PBXTargetDependency section */

/* Begin XCBuildConfiguration section */
		414785311ABAF290002DBAE4 /* Debug */ = {
			isa = XCBuildConfiguration;
			baseConfigurationReference = 417C02651BD8404E005A3751 /* Debug.xcconfig */;
			buildSettings = {
				CURRENT_PROJECT_VERSION = 0.1;
			};
			name = Debug;
		};
		414785321ABAF290002DBAE4 /* Release */ = {
			isa = XCBuildConfiguration;
			baseConfigurationReference = 417C02681BD8404E005A3751 /* Release.xcconfig */;
			buildSettings = {
				CURRENT_PROJECT_VERSION = 0.1;
			};
			name = Release;
		};
		4149458E1BEAAC3800C92587 /* Debug */ = {
			isa = XCBuildConfiguration;
			baseConfigurationReference = 417C026C1BD8404E005A3751 /* ToolOSX.xcconfig */;
			buildSettings = {
			};
			name = Debug;
		};
		4149458F1BEAAC3800C92587 /* Release */ = {
			isa = XCBuildConfiguration;
			baseConfigurationReference = 417C026C1BD8404E005A3751 /* ToolOSX.xcconfig */;
			buildSettings = {
			};
			name = Release;
		};
		41F14FE81B68F098002189F1 /* Debug */ = {
			isa = XCBuildConfiguration;
			baseConfigurationReference = 417C026B1BD8404E005A3751 /* StaticLibraryOSX.xcconfig */;
			buildSettings = {
			};
			name = Debug;
		};
		41F14FE91B68F098002189F1 /* Release */ = {
			isa = XCBuildConfiguration;
			baseConfigurationReference = 417C026B1BD8404E005A3751 /* StaticLibraryOSX.xcconfig */;
			buildSettings = {
			};
			name = Release;
		};
		41F568191BEBAB5500177E65 /* Debug */ = {
			isa = XCBuildConfiguration;
			baseConfigurationReference = 417C026C1BD8404E005A3751 /* ToolOSX.xcconfig */;
			buildSettings = {
			};
			name = Debug;
		};
		41F5681A1BEBAB5500177E65 /* Release */ = {
			isa = XCBuildConfiguration;
			baseConfigurationReference = 417C026C1BD8404E005A3751 /* ToolOSX.xcconfig */;
			buildSettings = {
			};
			name = Release;
		};
		41F568231BEBB12A00177E65 /* Debug */ = {
			isa = XCBuildConfiguration;
			buildSettings = {
			};
			name = Debug;
		};
		41F568241BEBB12A00177E65 /* Release */ = {
			isa = XCBuildConfiguration;
			buildSettings = {
			};
			name = Release;
		};
/* End XCBuildConfiguration section */

/* Begin XCConfigurationList section */
		414785271ABAF290002DBAE4 /* Build configuration list for PBXProject "mulle-container" */ = {
			isa = XCConfigurationList;
			buildConfigurations = (
				414785311ABAF290002DBAE4 /* Debug */,
				414785321ABAF290002DBAE4 /* Release */,
			);
			defaultConfigurationIsVisible = 0;
			defaultConfigurationName = Release;
		};
		4149458D1BEAAC3800C92587 /* Build configuration list for PBXNativeTarget "test-array" */ = {
			isa = XCConfigurationList;
			buildConfigurations = (
				4149458E1BEAAC3800C92587 /* Debug */,
				4149458F1BEAAC3800C92587 /* Release */,
			);
			defaultConfigurationIsVisible = 0;
			defaultConfigurationName = Release;
		};
		41F14FE71B68F098002189F1 /* Build configuration list for PBXNativeTarget "mulle_container" */ = {
			isa = XCConfigurationList;
			buildConfigurations = (
				41F14FE81B68F098002189F1 /* Debug */,
				41F14FE91B68F098002189F1 /* Release */,
			);
			defaultConfigurationIsVisible = 0;
			defaultConfigurationName = Release;
		};
		41F568181BEBAB5500177E65 /* Build configuration list for PBXNativeTarget "test-map" */ = {
			isa = XCConfigurationList;
			buildConfigurations = (
				41F568191BEBAB5500177E65 /* Debug */,
				41F5681A1BEBAB5500177E65 /* Release */,
			);
			defaultConfigurationIsVisible = 0;
			defaultConfigurationName = Release;
		};
		41F568221BEBB12A00177E65 /* Build configuration list for PBXAggregateTarget "Tests" */ = {
			isa = XCConfigurationList;
			buildConfigurations = (
				41F568231BEBB12A00177E65 /* Debug */,
				41F568241BEBB12A00177E65 /* Release */,
			);
			defaultConfigurationIsVisible = 0;
			defaultConfigurationName = Release;
		};
/* End XCConfigurationList section */
	};
	rootObject = 414785241ABAF290002DBAE4 /* Project object */;
}
